version = 1
revision = 3
requires-python = "==3.11.*"
resolution-markers = [
    "sys_platform == 'darwin'",
    "platform_machine == 'aarch64' and sys_platform == 'linux'",
    "(platform_machine != 'aarch64' and sys_platform == 'linux') or (sys_platform != 'darwin' and sys_platform != 'linux')",
]

[[package]]
name = "colorama"
version = "0.4.6"
source = { registry = "https://pypi.org/simple" }
sdist = { url = "https://files.pythonhosted.org/packages/d8/53/6f443c9a4a8358a93a6792e2acffb9d9d5cb0a5cfd8802644b7b1c9a02e4/colorama-0.4.6.tar.gz", hash = "sha256:08695f5cb7ed6e0531a20572697297273c47b8cae5a63ffc6d6ed5c201be6e44", size = 27697, upload-time = "2022-10-25T02:36:22.414Z" }
wheels = [
    { url = "https://files.pythonhosted.org/packages/d1/d6/3965ed04c63042e047cb6a3e6ed1a63a35087b6a609aa3a15ed8ac56c221/colorama-0.4.6-py2.py3-none-any.whl", hash = "sha256:4f1d9991f5acc0ca119f9d443620b77f9d6b33703e51011c16baf57afb285fc6", size = 25335, upload-time = "2022-10-25T02:36:20.889Z" },
]

[[package]]
name = "filelock"
version = "3.32.4"
source = { registry = "https://pypi.org/simple" }
sdist = { url = "https://files.pythonhosted.org/packages/6d/30/03b03951873a1a0ffc7e8ca0e10c15597b59e8d0e39260704cd2ea087bc4/filelock-3.32.4.tar.gz", hash = "sha256:2bde2e4cf732e0153406d8a7bc80620ecf5e621fe0d25e41143c4e3b4733ff30", size = 222126, upload-time = "2026-08-23T17:37:55.363Z" }
wheels = [
    { url = "https://files.pythonhosted.org/packages/01/a4/9b63d595d748e3aff8812b65eacc1a2c4bd90b7c2012e08e72373b4835eb/filelock-3.32.4-py3-none-any.whl", hash = "sha256:22e58ca3b1ae3b98993b762d7338367ae64fe50252bf78d59da3bfebcdf1cedd", size = 99864, upload-time = "2026-08-23T17:37:53.913Z" },
]

[[package]]
name = "fsspec"
version = "2026.7.0"
source = { registry = "https://pypi.org/simple" }
sdist = { url = "https://files.pythonhosted.org/packages/00/78/f34251dadb8f3921264a1d9b8946f5e542014ee2614b285261b4e40e6775/fsspec-2026.7.0.tar.gz", hash = "sha256:c803c40f4cf860b49dea58ee3e1c33cb9c790520e233537e1340049f89b82a88", size = 317040, upload-time = "2026-07-28T16:34:51.052Z" }
wheels = [
    { url = "https://files.pythonhosted.org/packages/fd/3c/6a2bf344106328fd04963664a60b9bb6496fc25df8e962fcdc1367285fb9/fsspec-2026.7.0-py3-none-any.whl", hash = "sha256:b57ddbafedfaef7018c1ecab32aa200a9d7ca26b77965f64e48b70061249d279", size = 206583, upload-time = "2026-07-28T16:34:49.538Z" },
]

[[package]]
name = "iniconfig"
version = "2.3.0"
source = { registry = "https://pypi.org/simple" }
sdist = { url = "https://files.pythonhosted.org/packages/72/34/14ca021ce8e5dfedc35312d08ba8bf51fdd999c576889fc2c24cb97f4f10/iniconfig-2.3.0.tar.gz", hash = "sha256:c76315c77db068650d49c5b56314774a7804df16fee4402c1f19d6d15d8c4730", size = 20503, upload-time = "2025-10-18T21:55:43.219Z" }
wheels = [
    { url = "https://files.pythonhosted.org/packages/cb/b1/3846dd7f199d53cb17f49cba7e651e9ce294d8497c8c150530ed11865bb8/iniconfig-2.3.0-py3-none-any.whl", hash = "sha256:f631c04d2c48c52b84d0d0549c99ff3859c98df65b3101406327ecc7d53fbf12", size = 7484, upload-time = "2025-10-18T21:55:41.639Z" },
]

[[package]]
name = "jinja2"
version = "3.1.6"
source = { registry = "https://pypi.org/simple" }
dependencies = [
    { name = "markupsafe" },
]
sdist = { url = "https://files.pythonhosted.org/packages/df/bf/f7da0350254c0ed7c72f3e33cef02e048281fec7ecec5f032d4aac52226b/jinja2-3.1.6.tar.gz", hash = "sha256:0137fb05990d35f1275a587e9aee6d56da821fc83491a0fb838183be43f66d6d", size = 245115, upload-time = "2025-03-05T20:05:02.478Z" }
wheels = [
    { url = "https://files.pythonhosted.org/packages/62/a1/3d680cbfd5f4b8f15abc1d571870c5fc3e594bb582bc3b64ea099db13e56/jinja2-3.1.6-py3-none-any.whl", hash = "sha256:85ece4451f492d0c13c5dd7c13a64681a86afae63a5f347908daf103ce6d2f67", size = 134899, upload-time = "2025-03-05T20:05:00.369Z" },
]

[[package]]
name = "markupsafe"
version = "3.0.3"
source = { registry = "https://pypi.org/simple" }
sdist = { url = "https://files.pythonhosted.org/packages/7e/99/7690b6d4034fffd95959cbe0c02de8deb3098cc577c67bb6a24fe5d7caa7/markupsafe-3.0.3.tar.gz", hash = "sha256:722695808f4b6457b320fdc131280796bdceb04ab50fe1795cd540799ebe1698", size = 80313, upload-time = "2025-09-27T18:37:40.426Z" }
wheels = [
    { url = "https://files.pythonhosted.org/packages/08/db/fefacb2136439fc8dd20e797950e749aa1f4997ed584c62cfb8ef7c2be0e/markupsafe-3.0.3-cp311-cp311-macosx_10_9_x86_64.whl", hash = "sha256:1cc7ea17a6824959616c525620e387f6dd30fec8cb44f649e31712db02123dad", size = 11631, upload-time = "2025-09-27T18:36:18.185Z" },
    { url = "https://files.pythonhosted.org/packages/e1/2e/5898933336b61975ce9dc04decbc0a7f2fee78c30353c5efba7f2d6ff27a/markupsafe-3.0.3-cp311-cp311-macosx_11_0_arm64.whl", hash = "sha256:4bd4cd07944443f5a265608cc6aab442e4f74dff8088b0dfc8238647b8f6ae9a", size = 12058, upload-time = "2025-09-27T18:36:19.444Z" },
    { url = "https://files.pythonhosted.org/packages/1d/09/adf2df3699d87d1d8184038df46a9c80d78c0148492323f4693df54e17bb/markupsafe-3.0.3-cp311-cp311-manylinux2014_aarch64.manylinux_2_17_aarch64.manylinux_2_28_aarch64.whl", hash = "sha256:6b5420a1d9450023228968e7e6a9ce57f65d148ab56d2313fcd589eee96a7a50", size = 24287, upload-time = "2025-09-27T18:36:20.768Z" },
    { url = "https://files.pythonhosted.org/packages/30/ac/0273f6fcb5f42e314c6d8cd99effae6a5354604d461b8d392b5ec9530a54/markupsafe-3.0.3-cp311-cp311-manylinux2014_x86_64.manylinux_2_17_x86_64.manylinux_2_28_x86_64.whl", hash = "sha256:0bf2a864d67e76e5c9a34dc26ec616a66b9888e25e7b9460e1c76d3293bd9dbf", size = 22940, upload-time = "2025-09-27T18:36:22.249Z" },
    { url = "https://files.pythonhosted.org/packages/19/ae/31c1be199ef767124c042c6c3e904da327a2f7f0cd63a0337e1eca2967a8/markupsafe-3.0.3-cp311-cp311-manylinux_2_31_riscv64.manylinux_2_39_riscv64.whl", hash = "sha256:bc51efed119bc9cfdf792cdeaa4d67e8f6fcccab66ed4bfdd6bde3e59bfcbb2f", size = 21887, upload-time = "2025-09-27T18:36:23.535Z" },
    { url = "https://files.pythonhosted.org/packages/b2/76/7edcab99d5349a4532a459e1fe64f0b0467a3365056ae550d3bcf3f79e1e/markupsafe-3.0.3-cp311-cp311-musllinux_1_2_aarch64.whl", hash = "sha256:068f375c472b3e7acbe2d5318dea141359e6900156b5b2ba06a30b169086b91a", size = 23692, upload-time = "2025-09-27T18:36:24.823Z" },
    { url = "https://files.pythonhosted.org/packages/a4/28/6e74cdd26d7514849143d69f0bf2399f929c37dc2b31e6829fd2045b2765/markupsafe-3.0.3-cp311-cp311-musllinux_1_2_riscv64.whl", hash = "sha256:7be7b61bb172e1ed687f1754f8e7484f1c8019780f6f6b0786e76bb01c2ae115", size = 21471, upload-time = "2025-09-27T18:36:25.95Z" },
    { url = "https://files.pythonhosted.org/packages/62/7e/a145f36a5c2945673e590850a6f8014318d5577ed7e5920a4b3448e0865d/markupsafe-3.0.3-cp311-cp311-musllinux_1_2_x86_64.whl", hash = "sha256:f9e130248f4462aaa8e2552d547f36ddadbeaa573879158d721bbd33dfe4743a", size = 22923, upload-time = "2025-09-27T18:36:27.109Z" },
    { url = "https://files.pythonhosted.org/packages/0f/62/d9c46a7f5c9adbeeeda52f5b8d802e1094e9717705a645efc71b0913a0a8/markupsafe-3.0.3-cp311-cp311-win32.whl", hash = "sha256:0db14f5dafddbb6d9208827849fad01f1a2609380add406671a26386cdf15a19", size = 14572, upload-time = "2025-09-27T18:36:28.045Z" },
    { url = "https://files.pythonhosted.org/packages/83/8a/4414c03d3f891739326e1783338e48fb49781cc915b2e0ee052aa490d586/markupsafe-3.0.3-cp311-cp311-win_amd64.whl", hash = "sha256:de8a88e63464af587c950061a5e6a67d3632e36df62b986892331d4620a35c01", size = 15077, upload-time = "2025-09-27T18:36:29.025Z" },
    { url = "https://files.pythonhosted.org/packages/35/73/893072b42e6862f319b5207adc9ae06070f095b358655f077f69a35601f0/markupsafe-3.0.3-cp311-cp311-win_arm64.whl", hash = "sha256:3b562dd9e9ea93f13d53989d23a7e775fdfd1066c33494ff43f5418bc8c58a5c", size = 13876, upload-time = "2025-09-27T18:36:29.954Z" },
]

[[package]]
name = "mpmath"
version = "1.3.0"
source = { registry = "https://pypi.org/simple" }
sdist = { url = "https://files.pythonhosted.org/packages/e0/47/dd32fa426cc72114383ac549964eecb20ecfd886d1e5ccf5340b55b02f57/mpmath-1.3.0.tar.gz", hash = "sha256:7a28eb2a9774d00c7bc92411c19a89209d5da7c4c9a9e227be8330a23a25b91f", size = 508106, upload-time = "2023-03-07T16:47:11.061Z" }
wheels = [
    { url = "https://files.pythonhosted.org/packages/43/e3/7d92a15f894aa0c9c4b49b8ee9ac9850d6e63b03c9c32c0367a13ae62209/mpmath-1.3.0-py3-none-any.whl", hash = "sha256:a0b2b9fe80bbcd81a6647ff13108738cfb482d481d826cc0e02f5b35e5c88d2c", size = 536198, upload-time = "2023-03-07T16:47:09.197Z" },
]

[[package]]
name = "networkx"
version = "3.6.1"
source = { registry = "https://pypi.org/simple" }
sdist = { url = "https://files.pythonhosted.org/packages/6a/51/63fe664f3908c97be9d2e4f1158eb633317598cfa6e1fc14af5383f17512/networkx-3.6.1.tar.gz", hash = "sha256:26b7c357accc0c8cde558ad486283728b65b6a95d85ee1cd66bafab4c8168509", size = 2517025, upload-time = "2025-12-08T17:02:39.908Z" }
wheels = [
    { url = "https://files.pythonhosted.org/packages/9e/c9/b2622292ea83fbb4ec318f5b9ab867d0a28ab43c5717bb85b0a5f6b3b0a4/networkx-3.6.1-py3-none-any.whl", hash = "sha256:d47fbf302e7d9cbbb9e2555a0d267983d2aa476bac30e90dfbe5669bd57f3762", size = 2068504, upload-time = "2025-12-08T17:02:38.159Z" },
]

[[package]]
name = "numpy"
version = "1.26.1"
source = { registry = "https://pypi.org/simple" }
sdist = { url = "https://files.pythonhosted.org/packages/78/23/f78fd8311e0f710fe1d065d50b92ce0057fe877b8ed7fd41b28ad6865bfc/numpy-1.26.1.tar.gz", hash = "sha256:c8c6c72d4a9f831f328efb1312642a1cafafaa88981d9ab76368d50d07d93cbe", size = 15651806, upload-time = "2023-10-14T20:15:36.407Z" }
wheels = [
    { url = "https://files.pythonhosted.org/packages/c5/9e/2d6d9d8f0ec910539ee721f86f23489a0eedb25bd51f4268ae0899f6a3ab/numpy-1.26.1-cp311-cp311-macosx_10_9_x86_64.whl", hash = "sha256:cd7837b2b734ca72959a1caf3309457a318c934abef7a43a14bb984e574bbb9a", size = 20621224, upload-time = "2023-10-14T19:42:37.88Z" },
    { url = "https://files.pythonhosted.org/packages/e8/06/0512e2582fd27bb7b358fa1e4ffc0f6c89c89f5ada31df58c5fa93171098/numpy-1.26.1-cp311-cp311-macosx_11_0_arm64.whl", hash = "sha256:1c59c046c31a43310ad0199d6299e59f57a289e22f0f36951ced1c9eac3665b9", size = 13991582, upload-time = "2023-10-14T19:42:59.875Z" },
    { url = "https://files.pythonhosted.org/packages/2d/21/ae3276d5f7c255a7c821d54d94c1270448b9a5936b618d7a8f5fb3c91c02/numpy-1.26.1-cp311-cp311-manylinux_2_17_aarch64.manylinux2014_aarch64.whl", hash = "sha256:d58e8c51a7cf43090d124d5073bc29ab2755822181fcad978b12e144e5e5a4b3", size = 14175129, upload-time = "2023-10-14T19:43:22.596Z" },
    { url = "https://files.pythonhosted.org/packages/8a/08/a7e5dadc21fe193baea5f257e11b7b70cc27a89692fc9e3ed690e55cc4b6/numpy-1.26.1-cp311-cp311-manylinux_2_17_x86_64.manylinux2014_x86_64.whl", hash = "sha256:6081aed64714a18c72b168a9276095ef9155dd7888b9e74b5987808f0dd0a974", size = 18190343, upload-time = "2023-10-14T19:43:50.377Z" },
    { url = "https://files.pythonhosted.org/packages/14/c2/68bbc08cd8af52f52f7d978c97062eab1e627f5423d591ba67f732b5f265/numpy-1.26.1-cp311-cp311-musllinux_1_1_x86_64.whl", hash = "sha256:97e5d6a9f0702c2863aaabf19f0d1b6c2628fbe476438ce0b5ce06e83085064c", size = 18028828, upload-time = "2023-10-14T19:44:19.972Z" },
    { url = "https://files.pythonhosted.org/packages/79/9e/73af202f778cae92d3789cc06e6f2be14102e9c8f9af9bbe2cc6c81b326f/numpy-1.26.1-cp311-cp311-win32.whl", hash = "sha256:b9d45d1dbb9de84894cc50efece5b09939752a2d75aab3a8b0cef6f3a35ecd6b", size = 20760215, upload-time = "2023-10-14T19:44:52.458Z" },
    { url = "https://files.pythonhosted.org/packages/82/0f/3f712cd84371636c5375d2dd70e7514d264cec6bdfc3d7997a4236e9f948/numpy-1.26.1-cp311-cp311-win_amd64.whl", hash = "sha256:3649d566e2fc067597125428db15d60eb42a4e0897fc48d28cb75dc2e0454e53", size = 15799803, upload-time = "2023-10-14T19:45:17.161Z" },
]

[[package]]
name = "nvidia-cublas-cu12"
version = "12.6.4.1"
source = { registry = "https://pypi.org/simple" }
wheels = [
    { url = "https://files.pythonhosted.org/packages/af/eb/ff4b8c503fa1f1796679dce648854d58751982426e4e4b37d6fce49d259c/nvidia_cublas_cu12-12.6.4.1-py3-none-manylinux2014_x86_64.manylinux_2_17_x86_64.whl", hash = "sha256:08ed2686e9875d01b58e3cb379c6896df8e76c75e0d4a7f7dace3d7b6d9ef8eb", size = 393138322, upload-time = "2024-11-20T17:40:25.65Z" },
]

[[package]]
name = "nvidia-cuda-cupti-cu12"
version = "12.6.80"
source = { registry = "https://pypi.org/simple" }
wheels = [
    { url = "https://files.pythonhosted.org/packages/49/60/7b6497946d74bcf1de852a21824d63baad12cd417db4195fc1bfe59db953/nvidia_cuda_cupti_cu12-12.6.80-py3-none-manylinux2014_x86_64.manylinux_2_17_x86_64.whl", hash = "sha256:6768bad6cab4f19e8292125e5f1ac8aa7d1718704012a0e3272a6f61c4bce132", size = 8917980, upload-time = "2024-11-20T17:36:04.019Z" },
    { url = "https://files.pythonhosted.org/packages/a5/24/120ee57b218d9952c379d1e026c4479c9ece9997a4fb46303611ee48f038/nvidia_cuda_cupti_cu12-12.6.80-py3-none-manylinux2014_x86_64.whl", hash = "sha256:a3eff6cdfcc6a4c35db968a06fcadb061cbc7d6dde548609a941ff8701b98b73", size = 8917972, upload-time = "2024-10-01T16:58:06.036Z" },
]

[[package]]
name = "nvidia-cuda-nvrtc-cu12"
version = "12.6.77"
source = { registry = "https://pypi.org/simple" }
wheels = [
    { url = "https://files.pythonhosted.org/packages/75/2e/46030320b5a80661e88039f59060d1790298b4718944a65a7f2aeda3d9e9/nvidia_cuda_nvrtc_cu12-12.6.77-py3-none-manylinux2014_x86_64.whl", hash = "sha256:35b0cc6ee3a9636d5409133e79273ce1f3fd087abb0532d2d2e8fff1fe9efc53", size = 23650380, upload-time = "2024-10-01T17:00:14.643Z" },
]

[[package]]
name = "nvidia-cuda-runtime-cu12"
version = "12.6.77"
source = { registry = "https://pypi.org/simple" }
wheels = [
    { url = "https://files.pythonhosted.org/packages/e1/23/e717c5ac26d26cf39a27fbc076240fad2e3b817e5889d671b67f4f9f49c5/nvidia_cuda_runtime_cu12-12.6.77-py3-none-manylinux2014_x86_64.manylinux_2_17_x86_64.whl", hash = "sha256:ba3b56a4f896141e25e19ab287cd71e52a6a0f4b29d0d31609f60e3b4d5219b7", size = 897690, upload-time = "2024-11-20T17:35:30.697Z" },
    { url = "https://files.pythonhosted.org/packages/f0/62/65c05e161eeddbafeca24dc461f47de550d9fa8a7e04eb213e32b55cfd99/nvidia_cuda_runtime_cu12-12.6.77-py3-none-manylinux2014_x86_64.whl", hash = "sha256:a84d15d5e1da416dd4774cb42edf5e954a3e60cc945698dc1d5be02321c44dc8", size = 897678, upload-time = "2024-10-01T16:57:33.821Z" },
]

[[package]]
name = "nvidia-cudnn-cu12"
version = "9.5.1.17"
source = { registry = "https://pypi.org/simple" }
dependencies = [
    { name = "nvidia-cublas-cu12" },
]
wheels = [
    { url = "https://files.pythonhosted.org/packages/2a/78/4535c9c7f859a64781e43c969a3a7e84c54634e319a996d43ef32ce46f83/nvidia_cudnn_cu12-9.5.1.17-py3-none-manylinux_2_28_x86_64.whl", hash = "sha256:30ac3869f6db17d170e0e556dd6cc5eee02647abc31ca856634d5a40f82c15b2", size = 570988386, upload-time = "2024-10-25T19:54:26.39Z" },
]

[[package]]
name = "nvidia-cufft-cu12"
version = "11.3.0.4"
source = { registry = "https://pypi.org/simple" }
dependencies = [
    { name = "nvidia-nvjitlink-cu12" },
]
wheels = [
    { url = "https://files.pythonhosted.org/packages/8f/16/73727675941ab8e6ffd86ca3a4b7b47065edcca7a997920b831f8147c99d/nvidia_cufft_cu12-11.3.0.4-py3-none-manylinux2014_x86_64.manylinux_2_17_x86_64.whl", hash = "sha256:ccba62eb9cef5559abd5e0d54ceed2d9934030f51163df018532142a8ec533e5", size = 200221632, upload-time = "2024-11-20T17:41:32.357Z" },
    { url = "https://files.pythonhosted.org/packages/60/de/99ec247a07ea40c969d904fc14f3a356b3e2a704121675b75c366b694ee1/nvidia_cufft_cu12-11.3.0.4-py3-none-manylinux2014_x86_64.whl", hash = "sha256:768160ac89f6f7b459bee747e8d175dbf53619cfe74b2a5636264163138013ca", size = 200221622, upload-time = "2024-10-01T17:03:58.79Z" },
]

[[package]]
name = "nvidia-cufile-cu12"
version = "1.11.1.6"
source = { registry = "https://pypi.org/simple" }
wheels = [
    { url = "https://files.pythonhosted.org/packages/b2/66/cc9876340ac68ae71b15c743ddb13f8b30d5244af344ec8322b449e35426/nvidia_cufile_cu12-1.11.1.6-py3-none-manylinux2014_x86_64.manylinux_2_17_x86_64.whl", hash = "sha256:cc23469d1c7e52ce6c1d55253273d32c565dd22068647f3aa59b3c6b005bf159", size = 1142103, upload-time = "2024-11-20T17:42:11.83Z" },
]

[[package]]
name = "nvidia-curand-cu12"
version = "10.3.7.77"
source = { registry = "https://pypi.org/simple" }
wheels = [
    { url = "https://files.pythonhosted.org/packages/73/1b/44a01c4e70933637c93e6e1a8063d1e998b50213a6b65ac5a9169c47e98e/nvidia_curand_cu12-10.3.7.77-py3-none-manylinux2014_x86_64.manylinux_2_17_x86_64.whl", hash = "sha256:a42cd1344297f70b9e39a1e4f467a4e1c10f1da54ff7a85c12197f6c652c8bdf", size = 56279010, upload-time = "2024-11-20T17:42:50.958Z" },
    { url = "https://files.pythonhosted.org/packages/4a/aa/2c7ff0b5ee02eaef890c0ce7d4f74bc30901871c5e45dee1ae6d0083cd80/nvidia_curand_cu12-10.3.7.77-py3-none-manylinux2014_x86_64.whl", hash = "sha256:99f1a32f1ac2bd134897fc7a203f779303261268a65762a623bf30cc9fe79117", size = 56279000, upload-time = "2024-10-01T17:04:45.274Z" },
]

[[package]]
name = "nvidia-cusolver-cu12"
version = "11.7.1.2"
source = { registry = "https://pypi.org/simple" }
dependencies = [
    { name = "nvidia-cublas-cu12" },
    { name = "nvidia-cusparse-cu12" },
    { name = "nvidia-nvjitlink-cu12" },
]
wheels = [
    { url = "https://files.pythonhosted.org/packages/f0/6e/c2cf12c9ff8b872e92b4a5740701e51ff17689c4d726fca91875b07f655d/nvidia_cusolver_cu12-11.7.1.2-py3-none-manylinux2014_x86_64.manylinux_2_17_x86_64.whl", hash = "sha256:e9e49843a7707e42022babb9bcfa33c29857a93b88020c4e4434656a655b698c", size = 158229790, upload-time = "2024-11-20T17:43:43.211Z" },
    { url = "https://files.pythonhosted.org/packages/9f/81/baba53585da791d043c10084cf9553e074548408e04ae884cfe9193bd484/nvidia_cusolver_cu12-11.7.1.2-py3-none-manylinux2014_x86_64.whl", hash = "sha256:6cf28f17f64107a0c4d7802be5ff5537b2130bfc112f25d5a30df227058ca0e6", size = 158229780, upload-time = "2024-10-01T17:05:39.875Z" },
]

[[package]]
name = "nvidia-cusparse-cu12"
version = "12.5.4.2"
source = { registry = "https://pypi.org/simple" }
dependencies = [
    { name = "nvidia-nvjitlink-cu12" },
]
wheels = [
    { url = "https://files.pythonhosted.org/packages/06/1e/b8b7c2f4099a37b96af5c9bb158632ea9e5d9d27d7391d7eb8fc45236674/nvidia_cusparse_cu12-12.5.4.2-py3-none-manylinux2014_x86_64.manylinux_2_17_x86_64.whl", hash = "sha256:7556d9eca156e18184b94947ade0fba5bb47d69cec46bf8660fd2c71a4b48b73", size = 216561367, upload-time = "2024-11-20T17:44:54.824Z" },
    { url = "https://files.pythonhosted.org/packages/43/ac/64c4316ba163e8217a99680c7605f779accffc6a4bcd0c778c12948d3707/nvidia_cusparse_cu12-12.5.4.2-py3-none-manylinux2014_x86_64.whl", hash = "sha256:23749a6571191a215cb74d1cdbff4a86e7b19f1200c071b3fcf844a5bea23a2f", size = 216561357, upload-time = "2024-10-01T17:06:29.861Z" },
]

[[package]]
name = "nvidia-cusparselt-cu12"
version = "0.6.3"
source = { registry = "https://pypi.org/simple" }
wheels = [
    { url = "https://files.pythonhosted.org/packages/3b/9a/72ef35b399b0e183bc2e8f6f558036922d453c4d8237dab26c666a04244b/nvidia_cusparselt_cu12-0.6.3-py3-none-manylinux2014_x86_64.whl", hash = "sha256:e5c8a26c36445dd2e6812f1177978a24e2d37cacce7e090f297a688d1ec44f46", size = 156785796, upload-time = "2024-10-15T21:29:17.709Z" },
]

[[package]]
name = "nvidia-nccl-cu12"
version = "2.26.2"
source = { registry = "https://pypi.org/simple" }
wheels = [
    { url = "https://files.pythonhosted.org/packages/67/ca/f42388aed0fddd64ade7493dbba36e1f534d4e6fdbdd355c6a90030ae028/nvidia_nccl_cu12-2.26.2-py3-none-manylinux2014_x86_64.manylinux_2_17_x86_64.whl", hash = "sha256:694cf3879a206553cc9d7dbda76b13efaf610fdb70a50cba303de1b0d1530ac6", size = 201319755, upload-time = "2025-03-13T00:29:55.296Z" },
]

[[package]]
name = "nvidia-nvjitlink-cu12"
version = "12.6.85"
source = { registry = "https://pypi.org/simple" }
wheels = [
    { url = "https://files.pythonhosted.org/packages/9d/d7/c5383e47c7e9bf1c99d5bd2a8c935af2b6d705ad831a7ec5c97db4d82f4f/nvidia_nvjitlink_cu12-12.6.85-py3-none-manylinux2010_x86_64.manylinux_2_12_x86_64.whl", hash = "sha256:eedc36df9e88b682efe4309aa16b5b4e78c2407eac59e8c10a6a47535164369a", size = 19744971, upload-time = "2024-11-20T17:46:53.366Z" },
]

[[package]]
name = "nvidia-nvtx-cu12"
version = "12.6.77"
source = { registry = "https://pypi.org/simple" }
wheels = [
    { url = "https://files.pythonhosted.org/packages/56/9a/fff8376f8e3d084cd1530e1ef7b879bb7d6d265620c95c1b322725c694f4/nvidia_nvtx_cu12-12.6.77-py3-none-manylinux2014_x86_64.manylinux_2_17_x86_64.whl", hash = "sha256:b90bed3df379fa79afbd21be8e04a0314336b8ae16768b58f2d34cb1d04cd7d2", size = 89276, upload-time = "2024-11-20T17:38:27.621Z" },
    { url = "https://files.pythonhosted.org/packages/9e/4e/0d0c945463719429b7bd21dece907ad0bde437a2ff12b9b12fee94722ab0/nvidia_nvtx_cu12-12.6.77-py3-none-manylinux2014_x86_64.whl", hash = "sha256:6574241a3ec5fdc9334353ab8c479fe75841dbe8f4532a8fc97ce63503330ba1", size = 89265, upload-time = "2024-10-01T17:00:38.172Z" },
]

[[package]]
name = "opencv-python-headless"
version = "4.11.0.86"
source = { registry = "https://pypi.org/simple" }
dependencies = [
    { name = "numpy" },
]
sdist = { url = "https://files.pythonhosted.org/packages/36/2f/5b2b3ba52c864848885ba988f24b7f105052f68da9ab0e693cc7c25b0b30/opencv-python-headless-4.11.0.86.tar.gz", hash = "sha256:996eb282ca4b43ec6a3972414de0e2331f5d9cda2b41091a49739c19fb843798", size = 95177929, upload-time = "2025-01-16T13:53:40.22Z" }
wheels = [
    { url = "https://files.pythonhosted.org/packages/dc/53/2c50afa0b1e05ecdb4603818e85f7d174e683d874ef63a6abe3ac92220c8/opencv_python_headless-4.11.0.86-cp37-abi3-macosx_13_0_arm64.whl", hash = "sha256:48128188ade4a7e517237c8e1e11a9cdf5c282761473383e77beb875bb1e61ca", size = 37326460, upload-time = "2025-01-16T13:52:57.015Z" },
    { url = "https://files.pythonhosted.org/packages/3b/43/68555327df94bb9b59a1fd645f63fafb0762515344d2046698762fc19d58/opencv_python_headless-4.11.0.86-cp37-abi3-macosx_13_0_x86_64.whl", hash = "sha256:a66c1b286a9de872c343ee7c3553b084244299714ebb50fbdcd76f07ebbe6c81", size = 56723330, upload-time = "2025-01-16T13:55:45.731Z" },
    { url = "https://files.pythonhosted.org/packages/45/be/1438ce43ebe65317344a87e4b150865c5585f4c0db880a34cdae5ac46881/opencv_python_headless-4.11.0.86-cp37-abi3-manylinux_2_17_aarch64.manylinux2014_aarch64.whl", hash = "sha256:6efabcaa9df731f29e5ea9051776715b1bdd1845d7c9530065c7951d2a2899eb", size = 29487060, upload-time = "2025-01-16T13:51:59.625Z" },
    { url = "https://files.pythonhosted.org/packages/dd/5c/c139a7876099916879609372bfa513b7f1257f7f1a908b0bdc1c2328241b/opencv_python_headless-4.11.0.86-cp37-abi3-manylinux_2_17_x86_64.manylinux2014_x86_64.whl", hash = "sha256:0e0a27c19dd1f40ddff94976cfe43066fbbe9dfbb2ec1907d66c19caef42a57b", size = 49969856, upload-time = "2025-01-16T13:53:29.654Z" },
    { url = "https://files.pythonhosted.org/packages/95/dd/ed1191c9dc91abcc9f752b499b7928aacabf10567bb2c2535944d848af18/opencv_python_headless-4.11.0.86-cp37-abi3-win32.whl", hash = "sha256:f447d8acbb0b6f2808da71fddd29c1cdd448d2bc98f72d9bb78a7a898fc9621b", size = 29324425, upload-time = "2025-01-16T13:52:49.048Z" },
    { url = "https://files.pythonhosted.org/packages/86/8a/69176a64335aed183529207ba8bc3d329c2999d852b4f3818027203f50e6/opencv_python_headless-4.11.0.86-cp37-abi3-win_amd64.whl", hash = "sha256:6c304df9caa7a6a5710b91709dd4786bf20a74d57672b3c31f7033cc638174ca", size = 39402386, upload-time = "2025-01-16T13:52:56.418Z" },
]

[[package]]
name = "packaging"
version = "26.3"
source = { registry = "https://pypi.org/simple" }
sdist = { url = "https://files.pythonhosted.org/packages/7d/fa/3944b40b07da9ce895c0e6303a5ab7d53da063554f534556b134a54d6093/packaging-26.3.tar.gz", hash = "sha256:94edc256424af38762eb31306eed28beb9f0efc50a8837492c9d6fd6004aed79", size = 313412, upload-time = "2026-08-04T18:15:28.737Z" }
wheels = [
    { url = "https://files.pythonhosted.org/packages/63/34/ba1c580383c9eada3711951fef0795c80b829a078d72188184bcab9dd527/packaging-26.3-py3-none-any.whl", hash = "sha256:d7193f7c8e4e93f444fde0262bf90af30e16fa0ad0ad44cb553c87339b23cd1c", size = 129956, upload-time = "2026-08-04T18:15:27.159Z" },
]

[[package]]
name = "personalcare-classifier"
version = "0.1.0"
source = { virtual = "." }
dependencies = [
    { name = "numpy" },
    { name = "opencv-python-headless" },
    { name = "torch" },
    { name = "torchvision" },
]

[package.dev-dependencies]
dev = [
    { name = "pytest" },
]

[package.metadata]
requires-dist = [
    { name = "numpy", specifier = "==1.26.1" },
    { name = "opencv-python-headless", specifier = ">=4.8,<5" },
    { name = "torch", specifier = "==2.7.1" },
    { name = "torchvision", specifier = "==0.22.1" },
]

[package.metadata.requires-dev]
dev = [{ name = "pytest", specifier = ">=8.4,<9" }]

[[package]]
name = "pillow"
version = "12.3.0"
source = { registry = "https://pypi.org/simple" }
sdist = { url = "https://files.pythonhosted.org/packages/1c/3d/bb7fca845737cf9d7dbde16ed1843984665ff2e0a518f5db43e77ec540b9/pillow-12.3.0.tar.gz", hash = "sha256:3b8182a766685eaa002637e28b4ec8d6b18819a0c71f579bf0dbaa5830297cce", size = 47025035, upload-time = "2026-07-01T11:56:38.965Z" }
wheels = [
    { url = "https://files.pythonhosted.org/packages/fb/c8/0a78b0e02d7ac54bc03e5321c9220da52f0c2ea83b21f7c40e7f3169c502/pillow-12.3.0-cp311-cp311-macosx_10_10_x86_64.whl", hash = "sha256:00808c5e14ef63ac5161091d242999076604ff74b883423a11e5d7bbb38bf756", size = 5392415, upload-time = "2026-07-01T11:53:47.162Z" },
    { url = "https://files.pythonhosted.org/packages/b2/5b/a02d30018abd97ced9f5a6c63d28597694a00d066516b9c1c6de45859fc9/pillow-12.3.0-cp311-cp311-macosx_11_0_arm64.whl", hash = "sha256:37d6d0a00072fd2948eb22bce7e1475f34569d90c87c59f7a2ec59541b77f7a6", size = 4785266, upload-time = "2026-07-01T11:53:49.079Z" },
    { url = "https://files.pythonhosted.org/packages/c8/98/766667a4be768150a202836acd9fad19c06824ca86c4286d3cf6b274964e/pillow-12.3.0-cp311-cp311-manylinux_2_27_aarch64.manylinux_2_28_aarch64.whl", hash = "sha256:bcb46e2f9feff8d06323983bd83ed00c201fdcab3d74973e7072a889b3979fcd", size = 6263814, upload-time = "2026-07-01T11:53:51.32Z" },
    { url = "https://files.pythonhosted.org/packages/3b/2d/ede717bc1144f63886c21fd349bb95860b0d1a21149ff16f2bb362b612b6/pillow-12.3.0-cp311-cp311-manylinux_2_27_x86_64.manylinux_2_28_x86_64.whl", hash = "sha256:23d27a3e0307ec2244cc51e7287b919aa68d097504ebe19df4e76a98a3eea5bd", size = 6934408, upload-time = "2026-07-01T11:53:53.487Z" },
    { url = "https://files.pythonhosted.org/packages/a3/48/9c58b685e69d49c31af6c8eb9012055fab7e665785165c84796e2c73ce72/pillow-12.3.0-cp311-cp311-musllinux_1_2_aarch64.whl", hash = "sha256:4f883547d4b7f0495ebe7056b0cc2aea76094e7a4abc8e933540f3271df27d9c", size = 6337160, upload-time = "2026-07-01T11:53:55.457Z" },
    { url = "https://files.pythonhosted.org/packages/ff/fa/dc2a5c0ba6df93f67c31d34b808b7ce440b40cdbf96f0b81cde1d1e6fa93/pillow-12.3.0-cp311-cp311-musllinux_1_2_x86_64.whl", hash = "sha256:236ff70b9312fb68943c703aa842ca6a758abfa45ac187a5e7c1452e96ef72b5", size = 7045172, upload-time = "2026-07-01T11:53:57.736Z" },
    { url = "https://files.pythonhosted.org/packages/86/a5/444817a4d4c4c2417df00513086ca196f388d8f9ef40c2e4ccd1ad1af54b/pillow-12.3.0-cp311-cp311-win32.whl", hash = "sha256:10e41f0fbf1eec8cfd234b8fe17a4caac7c9d0db4c204d3c173a8f9f6ef3232b", size = 6472232, upload-time = "2026-07-01T11:53:59.767Z" },
    { url = "https://files.pythonhosted.org/packages/63/c6/4bad1b18d132a50b27e1365e1ab163616f7a5bb56d330f66f9d1d9d4f9d4/pillow-12.3.0-cp311-cp311-win_amd64.whl", hash = "sha256:8e95e1385e4998ae9694eeaa4730ba5457ff61185b3a55e2e7bea0880aef452a", size = 7233653, upload-time = "2026-07-01T11:54:02.066Z" },
    { url = "https://files.pythonhosted.org/packages/fd/16/00f91ab7760dc842f5aad55217e80fc4a7067a0604535249bc8a2d6d9870/pillow-12.3.0-cp311-cp311-win_arm64.whl", hash = "sha256:ebaea975e03d3141d9d3a507df75c9b3ec90fa9d2ffd07567b3a978d9d790b26", size = 2568195, upload-time = "2026-07-01T11:54:04.622Z" },
    { url = "https://files.pythonhosted.org/packages/75/18/2e8b40223153ccbc60df07f9e8928dc0c76202aa4e55ae9f53962b6510d6/pillow-12.3.0-pp311-pypy311_pp73-macosx_10_15_x86_64.whl", hash = "sha256:b3c777e849237620b022f7f297dd67705f9f5cf1685f09f02e46f93e92725468", size = 5302510, upload-time = "2026-07-01T11:56:25.736Z" },
    { url = "https://files.pythonhosted.org/packages/46/3e/51fabf59d5ab801ceab709453d3ab6b180083496579549de4c45ced6528a/pillow-12.3.0-pp311-pypy311_pp73-macosx_11_0_arm64.whl", hash = "sha256:b343699e8308bdc51978310e1c959c584e7869cc8c40780058c87da7781a1e94", size = 4736058, upload-time = "2026-07-01T11:56:28.041Z" },
    { url = "https://files.pythonhosted.org/packages/bf/20/22fe9384b7949e25fb1293bcfc84fb82590ff4ea6b37c95b24d26d793d86/pillow-12.3.0-pp311-pypy311_pp73-manylinux_2_27_aarch64.manylinux_2_28_aarch64.whl", hash = "sha256:fbd139c8447d25dd750ab79ee274cc5e1fe80fc56340ab10b18a195e1b6eca3e", size = 5237776, upload-time = "2026-07-01T11:56:30.263Z" },
    { url = "https://files.pythonhosted.org/packages/08/14/f6ba68107680ffa74b39985f3f30884e41318fbc4250caa423c79b4788bb/pillow-12.3.0-pp311-pypy311_pp73-manylinux_2_27_x86_64.manylinux_2_28_x86_64.whl", hash = "sha256:e7e480451b9fa137494bccd3a7d69adbe8ac65a87d97be61e11f1b1050a5bac3", size = 5860358, upload-time = "2026-07-01T11:56:32.68Z" },
    { url = "https://files.pythonhosted.org/packages/36/54/0169bc772ec491108b62f644f8ecf1fe5d8ae5ebafde2ee2142210166903/pillow-12.3.0-pp311-pypy311_pp73-win_amd64.whl", hash = "sha256:04f01d28a6aaff387bf842a13be313df23ba0597a44f1a976c9feb3c6ff4711a", size = 7231786, upload-time = "2026-07-01T11:56:35.046Z" },
]

[[package]]
name = "pluggy"
version = "1.6.0"
source = { registry = "https://pypi.org/simple" }
sdist = { url = "https://files.pythonhosted.org/packages/f9/e2/3e91f31a7d2b083fe6ef3fa267035b518369d9511ffab804f839851d2779/pluggy-1.6.0.tar.gz", hash = "sha256:7dcc130b76258d33b90f61b658791dede3486c3e6bfb003ee5c9bfb396dd22f3", size = 69412, upload-time = "2025-05-15T12:30:07.975Z" }
wheels = [
    { url = "https://files.pythonhosted.org/packages/54/20/4d324d65cc6d9205fabedc306948156824eb9f0ee1633355a8f7ec5c66bf/pluggy-1.6.0-py3-none-any.whl", hash = "sha256:e920276dd6813095e9377c0bc5566d94c932c33b27a3e3945d8389c374dd4746", size = 20538, upload-time = "2025-05-15T12:30:06.134Z" },
]

[[package]]
name = "pygments"
version = "2.21.0"
source = { registry = "https://pypi.org/simple" }
sdist = { url = "https://files.pythonhosted.org/packages/49/2e/ced460408999b33da6b31b0021b0f37d329e202d4169aeb164493778f25b/pygments-2.21.0.tar.gz", hash = "sha256:610ca751c9bc2492b38eb9a38a7fbc93edbbb2d7182edaf34e66ae493dee5c8c", size = 5005329, upload-time = "2026-08-17T08:02:48.824Z" }
wheels = [
    { url = "https://files.pythonhosted.org/packages/71/46/17f022dd3e953bf20a04a028a21ec746d942f8d2af30fa0f124fa0e6a684/pygments-2.21.0-py3-none-any.whl", hash = "sha256:2363c69b61c4a97c838da3b130dcd6468f4848992b21a82f2a63ec34377137d9", size = 1250147, upload-time = "2026-08-17T08:02:44.912Z" },
]

[[package]]
name = "pytest"
version = "8.4.2"
source = { registry = "https://pypi.org/simple" }
dependencies = [
    { name = "colorama", marker = "sys_platform == 'win32'" },
    { name = "iniconfig" },
    { name = "packaging" },
    { name = "pluggy" },
    { name = "pygments" },
]
sdist = { url = "https://files.pythonhosted.org/packages/a3/5c/00a0e072241553e1a7496d638deababa67c5058571567b92a7eaa258397c/pytest-8.4.2.tar.gz", hash = "sha256:86c0d0b93306b961d58d62a4db4879f27fe25513d4b969df351abdddb3c30e01", size = 1519618, upload-time = "2025-09-04T14:34:22.711Z" }
wheels = [
    { url = "https://files.pythonhosted.org/packages/a8/a4/20da314d277121d6534b3a980b29035dcd51e6744bd79075a6ce8fa4eb8d/pytest-8.4.2-py3-none-any.whl", hash = "sha256:872f880de3fc3a5bdc88a11b39c9710c3497a547cfa9320bc3c5e62fbf272e79", size = 365750, upload-time = "2025-09-04T14:34:20.226Z" },
]

[[package]]
name = "setuptools"
version = "84.0.0"
source = { registry = "https://pypi.org/simple" }
sdist = { url = "https://files.pythonhosted.org/packages/6d/44/f5da03a8ef95d369145c5bb53050e7877c9f3d312e128605fd9504829143/setuptools-84.0.0.tar.gz", hash = "sha256:f4695c21257f0d9b537ec2692c941d02ee143b7cc1276941349a546573b2ef73", size = 1168449, upload-time = "2026-08-08T18:27:58.365Z" }
wheels = [
    { url = "https://files.pythonhosted.org/packages/95/9c/c510029fc6ef33a6275cd2c5d3cecd6613dfd6aa401d57c54f1c18852ccf/setuptools-84.0.0-py3-none-any.whl", hash = "sha256:51a52592b3b99e102b609654876bd65f19f999935166d1352678931132b0c670", size = 818216, upload-time = "2026-08-08T18:27:56.719Z" },
]

[[package]]
name = "sympy"
version = "1.14.0"
source = { registry = "https://pypi.org/simple" }
dependencies = [
    { name = "mpmath" },
]
sdist = { url = "https://files.pythonhosted.org/packages/83/d3/803453b36afefb7c2bb238361cd4ae6125a569b4db67cd9e79846ba2d68c/sympy-1.14.0.tar.gz", hash = "sha256:d3d3fe8df1e5a0b42f0e7bdf50541697dbe7d23746e894990c030e2b05e72517", size = 7793921, upload-time = "2025-04-27T18:05:01.611Z" }
wheels = [
    { url = "https://files.pythonhosted.org/packages/a2/09/77d55d46fd61b4a135c444fc97158ef34a095e5681d0a6c10b75bf356191/sympy-1.14.0-py3-none-any.whl", hash = "sha256:e091cc3e99d2141a0ba2847328f5479b05d94a6635cb96148ccb3f34671bd8f5", size = 6299353, upload-time = "2025-04-27T18:04:59.103Z" },
]

[[package]]
name = "torch"
version = "2.7.1"
source = { registry = "https://pypi.org/simple" }
dependencies = [
    { name = "filelock" },
    { name = "fsspec" },
    { name = "jinja2" },
    { name = "networkx" },
    { name = "nvidia-cublas-cu12", marker = "platform_machine == 'x86_64' and sys_platform == 'linux'" },
    { name = "nvidia-cuda-cupti-cu12", marker = "platform_machine == 'x86_64' and sys_platform == 'linux'" },
    { name = "nvidia-cuda-nvrtc-cu12", marker = "platform_machine == 'x86_64' and sys_platform == 'linux'" },
    { name = "nvidia-cuda-runtime-cu12", marker = "platform_machine == 'x86_64' and sys_platform == 'linux'" },
    { name = "nvidia-cudnn-cu12", marker = "platform_machine == 'x86_64' and sys_platform == 'linux'" },
    { name = "nvidia-cufft-cu12", marker = "platform_machine == 'x86_64' and sys_platform == 'linux'" },
    { name = "nvidia-cufile-cu12", marker = "platform_machine == 'x86_64' and sys_platform == 'linux'" },
    { name = "nvidia-curand-cu12", marker = "platform_machine == 'x86_64' and sys_platform == 'linux'" },
    { name = "nvidia-cusolver-cu12", marker = "platform_machine == 'x86_64' and sys_platform == 'linux'" },
    { name = "nvidia-cusparse-cu12", marker = "platform_machine == 'x86_64' and sys_platform == 'linux'" },
    { name = "nvidia-cusparselt-cu12", marker = "platform_machine == 'x86_64' and sys_platform == 'linux'" },
    { name = "nvidia-nccl-cu12", marker = "platform_machine == 'x86_64' and sys_platform == 'linux'" },
    { name = "nvidia-nvjitlink-cu12", marker = "platform_machine == 'x86_64' and sys_platform == 'linux'" },
    { name = "nvidia-nvtx-cu12", marker = "platform_machine == 'x86_64' and sys_platform == 'linux'" },
    { name = "sympy" },
    { name = "triton", marker = "platform_machine == 'x86_64' and sys_platform == 'linux'" },
    { name = "typing-extensions" },
]
wheels = [
    { url = "https://files.pythonhosted.org/packages/11/56/2eae3494e3d375533034a8e8cf0ba163363e996d85f0629441fa9d9843fe/torch-2.7.1-cp311-cp311-manylinux_2_28_aarch64.whl", hash = "sha256:236f501f2e383f1cb861337bdf057712182f910f10aeaf509065d54d339e49b2", size = 99093039, upload-time = "2025-06-04T17:39:06.963Z" },
    { url = "https://files.pythonhosted.org/packages/e5/94/34b80bd172d0072c9979708ccd279c2da2f55c3ef318eceec276ab9544a4/torch-2.7.1-cp311-cp311-manylinux_2_28_x86_64.whl", hash = "sha256:06eea61f859436622e78dd0cdd51dbc8f8c6d76917a9cf0555a333f9eac31ec1", size = 821174704, upload-time = "2025-06-04T17:37:03.799Z" },
    { url = "https://files.pythonhosted.org/packages/50/9e/acf04ff375b0b49a45511c55d188bcea5c942da2aaf293096676110086d1/torch-2.7.1-cp311-cp311-win_amd64.whl", hash = "sha256:8273145a2e0a3c6f9fd2ac36762d6ee89c26d430e612b95a99885df083b04e52", size = 216095937, upload-time = "2025-06-04T17:39:24.83Z" },
    { url = "https://files.pythonhosted.org/packages/5b/2b/d36d57c66ff031f93b4fa432e86802f84991477e522adcdffd314454326b/torch-2.7.1-cp311-none-macosx_11_0_arm64.whl", hash = "sha256:aea4fc1bf433d12843eb2c6b2204861f43d8364597697074c8d38ae2507f8730", size = 68640034, upload-time = "2025-06-04T17:39:17.989Z" },
]

[[package]]
name = "torchvision"
version = "0.22.1"
source = { registry = "https://pypi.org/simple" }
dependencies = [
    { name = "numpy" },
    { name = "pillow" },
    { name = "torch" },
]
wheels = [
    { url = "https://files.pythonhosted.org/packages/f6/00/bdab236ef19da050290abc2b5203ff9945c84a1f2c7aab73e8e9c8c85669/torchvision-0.22.1-cp311-cp311-macosx_11_0_arm64.whl", hash = "sha256:4addf626e2b57fc22fd6d329cf1346d474497672e6af8383b7b5b636fba94a53", size = 1947827, upload-time = "2025-06-04T17:43:10.84Z" },
    { url = "https://files.pythonhosted.org/packages/ac/d0/18f951b2be3cfe48c0027b349dcc6fde950e3dc95dd83e037e86f284f6fd/torchvision-0.22.1-cp311-cp311-manylinux_2_28_aarch64.whl", hash = "sha256:8b4a53a6067d63adba0c52f2b8dd2290db649d642021674ee43c0c922f0c6a69", size = 2514021, upload-time = "2025-06-04T17:43:07.608Z" },
    { url = "https://files.pythonhosted.org/packages/c3/1a/63eb241598b36d37a0221e10af357da34bd33402ccf5c0765e389642218a/torchvision-0.22.1-cp311-cp311-manylinux_2_28_x86_64.whl", hash = "sha256:b7866a3b326413e67724ac46f1ee594996735e10521ba9e6cdbe0fa3cd98c2f2", size = 7487300, upload-time = "2025-06-04T17:42:58.349Z" },
    { url = "https://files.pythonhosted.org/packages/e5/73/1b009b42fe4a7774ba19c23c26bb0f020d68525c417a348b166f1c56044f/torchvision-0.22.1-cp311-cp311-win_amd64.whl", hash = "sha256:bb3f6df6f8fd415ce38ec4fd338376ad40c62e86052d7fc706a0dd51efac1718", size = 1707989, upload-time = "2025-06-04T17:43:14.332Z" },
]

[[package]]
name = "triton"
version = "3.3.1"
source = { registry = "https://pypi.org/simple" }
dependencies = [
    { name = "setuptools" },
]
wheels = [
    { url = "https://files.pythonhosted.org/packages/21/2f/3e56ea7b58f80ff68899b1dbe810ff257c9d177d288c6b0f55bf2fe4eb50/triton-3.3.1-cp311-cp311-manylinux_2_27_x86_64.manylinux_2_28_x86_64.whl", hash = "sha256:b31e3aa26f8cb3cc5bf4e187bf737cbacf17311e1112b781d4a059353dfd731b", size = 155689937, upload-time = "2025-05-29T23:39:44.182Z" },
]

[[package]]
name = "typing-extensions"
version = "4.16.0"
source = { registry = "https://pypi.org/simple" }
sdist = { url = "https://files.pythonhosted.org/packages/f6/cc/6253133b5bb138fc3306cebfbda2c520f545d36b5be2c7255cc528bb45d6/typing_extensions-4.16.0.tar.gz", hash = "sha256:dc983d19a509c94dba722ee6abd33940f7c05a89e243c47e907eb4db6f1a43e5", size = 113555, upload-time = "2026-07-02T08:40:05.92Z" }
wheels = [
    { url = "https://files.pythonhosted.org/packages/49/d3/b8441a820a491ddfc024b0b0cf0393375b75ea13866d9c66727e54c2fc80/typing_extensions-4.16.0-py3-none-any.whl", hash = "sha256:481caa481374e813c1b176ada14e97f1f67a4539ce9cfeb3f350d78d6370c2e8", size = 45571, upload-time = "2026-07-02T08:40:04.659Z" },
]
